
Microsoft Visual Studio Solution File, Format Version 12.00
# Visual Studio Version 17
VisualStudioVersion = 17.9.34728.123
MinimumVisualStudioVersion = 10.0.40219.1
Project("{FAE04EC0-301F-11D3-BF4B-00C04F79EFBC}") = "RegistroActividades", "RegistroActividades\RegistroActividades.csproj", "{78B65477-5F3F-408B-9044-978F035BF81D}"
EndProject
Global
	GlobalSection(SolutionConfigurationPlatforms) = preSolution
		Debug|Any CPU = Debug|Any CPU
		Release|Any CPU = Release|Any CPU
	EndGlobalSection
	GlobalSection(ProjectConfigurationPlatforms) = postSolution
		{78B65477-5F3F-408B-9044-978F035BF81D}.Debug|Any CPU.ActiveCfg = Debug|Any CPU
		{78B65477-5F3F-408B-9044-978F035BF81D}.Debug|Any CPU.Build.0 = Debug|Any CPU
		{78B65477-5F3F-408B-9044-978F035BF81D}.Release|Any CPU.ActiveCfg = Release|Any CPU
		{78B65477-5F3F-408B-9044-978F035BF81D}.Release|Any CPU.Build.0 = Release|Any CPU
	EndGlobalSection
	GlobalSection(SolutionProperties) = preSolution
		HideSolutionNode = FALSE
	EndGlobalSection
	GlobalSection(ExtensibilityGlobals) = postSolution
		SolutionGuid = {0CCC95C2-439A-48C9-8B4D-CCBC93CAEAF1}
	EndGlobalSection
EndGlobal
